// !$*UTF8*$!
{
	archiveVersion = 1;
	classes = {
	};
	objectVersion = 56;
	objects = {

/* Begin PBXBuildFile section */
		AD67E3382AEE832B00D5BAA2 /* Component+HitBox.swift in Sources */ = {isa = PBXBuildFile; fileRef = AD67E3372AEE832B00D5BAA2 /* Component+HitBox.swift */; };
		AD6E24452AE6CD1400F313E7 /* CircuitTests.swift in Sources */ = {isa = PBXBuildFile; fileRef = AD6E24442AE6CD1400F313E7 /* CircuitTests.swift */; };
		ADDC6B942AE56A3E00FBEEA8 /* ResistorApp.swift in Sources */ = {isa = PBXBuildFile; fileRef = ADDC6B932AE56A3E00FBEEA8 /* ResistorApp.swift */; };
		ADDC6B962AE56A3E00FBEEA8 /* ResistorDocument.swift in Sources */ = {isa = PBXBuildFile; fileRef = ADDC6B952AE56A3E00FBEEA8 /* ResistorDocument.swift */; };
		ADDC6B982AE56A3E00FBEEA8 /* ContentView.swift in Sources */ = {isa = PBXBuildFile; fileRef = ADDC6B972AE56A3E00FBEEA8 /* ContentView.swift */; };
		ADDC6B9A2AE56A4000FBEEA8 /* Assets.xcassets in Resources */ = {isa = PBXBuildFile; fileRef = ADDC6B992AE56A4000FBEEA8 /* Assets.xcassets */; };
		ADDC6B9F2AE56A4000FBEEA8 /* Preview Assets.xcassets in Resources */ = {isa = PBXBuildFile; fileRef = ADDC6B9E2AE56A4000FBEEA8 /* Preview Assets.xcassets */; };
		ADDC6BB32AE56A4000FBEEA8 /* ResistorUITests.swift in Sources */ = {isa = PBXBuildFile; fileRef = ADDC6BB22AE56A4000FBEEA8 /* ResistorUITests.swift */; };
		ADDC6BB52AE56A4000FBEEA8 /* ResistorUITestsLaunchTests.swift in Sources */ = {isa = PBXBuildFile; fileRef = ADDC6BB42AE56A4000FBEEA8 /* ResistorUITestsLaunchTests.swift */; };
		ADDC6BC22AE56DB600FBEEA8 /* ResistorEditor.swift in Sources */ = {isa = PBXBuildFile; fileRef = ADDC6BC12AE56DB600FBEEA8 /* ResistorEditor.swift */; };
		ADDC6BC42AE5BA4A00FBEEA8 /* CircuitComponents.swift in Sources */ = {isa = PBXBuildFile; fileRef = ADDC6BC32AE5BA4A00FBEEA8 /* CircuitComponents.swift */; };
		ADDC6BC92AE5BAF200FBEEA8 /* CircuitShapes.swift in Sources */ = {isa = PBXBuildFile; fileRef = ADDC6BC82AE5BAF200FBEEA8 /* CircuitShapes.swift */; };
		ADDC6BCB2AE5FC5100FBEEA8 /* CircuitComponent+Codable.swift in Sources */ = {isa = PBXBuildFile; fileRef = ADDC6BCA2AE5FC5100FBEEA8 /* CircuitComponent+Codable.swift */; };
		ADEAD23F2AEF42110069DC7E /* ResistorModel.swift in Sources */ = {isa = PBXBuildFile; fileRef = ADEAD23E2AEF42110069DC7E /* ResistorModel.swift */; };
		ADF3D8D72AEE5B0C00095953 /* Circuit.swift in Sources */ = {isa = PBXBuildFile; fileRef = ADF3D8D62AEE5B0C00095953 /* Circuit.swift */; };
		ADF3D8D92AEE5BA100095953 /* Component+Shape.swift in Sources */ = {isa = PBXBuildFile; fileRef = ADF3D8D82AEE5BA100095953 /* Component+Shape.swift */; };
/* End PBXBuildFile section */

/* Begin PBXContainerItemProxy section */
		ADDC6BA52AE56A4000FBEEA8 /* PBXContainerItemProxy */ = {
			isa = PBXContainerItemProxy;
			containerPortal = ADDC6B882AE56A3D00FBEEA8 /* Project object */;
			proxyType = 1;
			remoteGlobalIDString = ADDC6B8F2AE56A3E00FBEEA8;
			remoteInfo = Resistor;
		};
		ADDC6BAF2AE56A4000FBEEA8 /* PBXContainerItemProxy */ = {
			isa = PBXContainerItemProxy;
			containerPortal = ADDC6B882AE56A3D00FBEEA8 /* Project object */;
			proxyType = 1;
			remoteGlobalIDString = ADDC6B8F2AE56A3E00FBEEA8;
			remoteInfo = Resistor;
		};
/* End PBXContainerItemProxy section */

/* Begin PBXFileReference section */
		AD67E3372AEE832B00D5BAA2 /* Component+HitBox.swift */ = {isa = PBXFileReference; lastKnownFileType = sourcecode.swift; path = "Component+HitBox.swift"; sourceTree = "<group>"; };
		AD6E24442AE6CD1400F313E7 /* CircuitTests.swift */ = {isa = PBXFileReference; lastKnownFileType = sourcecode.swift; path = CircuitTests.swift; sourceTree = "<group>"; };
		ADDC6B902AE56A3E00FBEEA8 /* Resistor.app */ = {isa = PBXFileReference; explicitFileType = wrapper.application; includeInIndex = 0; path = Resistor.app; sourceTree = BUILT_PRODUCTS_DIR; };
		ADDC6B932AE56A3E00FBEEA8 /* ResistorApp.swift */ = {isa = PBXFileReference; lastKnownFileType = sourcecode.swift; path = ResistorApp.swift; sourceTree = "<group>"; };
		ADDC6B952AE56A3E00FBEEA8 /* ResistorDocument.swift */ = {isa = PBXFileReference; lastKnownFileType = sourcecode.swift; path = ResistorDocument.swift; sourceTree = "<group>"; };
		ADDC6B972AE56A3E00FBEEA8 /* ContentView.swift */ = {isa = PBXFileReference; lastKnownFileType = sourcecode.swift; path = ContentView.swift; sourceTree = "<group>"; };
		ADDC6B992AE56A4000FBEEA8 /* Assets.xcassets */ = {isa = PBXFileReference; lastKnownFileType = folder.assetcatalog; path = Assets.xcassets; sourceTree = "<group>"; };
		ADDC6B9B2AE56A4000FBEEA8 /* Info.plist */ = {isa = PBXFileReference; lastKnownFileType = text.plist.xml; path = Info.plist; sourceTree = "<group>"; };
		ADDC6B9C2AE56A4000FBEEA8 /* Resistor.entitlements */ = {isa = PBXFileReference; lastKnownFileType = text.plist.entitlements; path = Resistor.entitlements; sourceTree = "<group>"; };
		ADDC6B9E2AE56A4000FBEEA8 /* Preview Assets.xcassets */ = {isa = PBXFileReference; lastKnownFileType = folder.assetcatalog; path = "Preview Assets.xcassets"; sourceTree = "<group>"; };
		ADDC6BA42AE56A4000FBEEA8 /* ResistorTests.xctest */ = {isa = PBXFileReference; explicitFileType = wrapper.cfbundle; includeInIndex = 0; path = ResistorTests.xctest; sourceTree = BUILT_PRODUCTS_DIR; };
		ADDC6BAE2AE56A4000FBEEA8 /* ResistorUITests.xctest */ = {isa = PBXFileReference; explicitFileType = wrapper.cfbundle; includeInIndex = 0; path = ResistorUITests.xctest; sourceTree = BUILT_PRODUCTS_DIR; };
		ADDC6BB22AE56A4000FBEEA8 /* ResistorUITests.swift */ = {isa = PBXFileReference; lastKnownFileType = sourcecode.swift; path = ResistorUITests.swift; sourceTree = "<group>"; };
		ADDC6BB42AE56A4000FBEEA8 /* ResistorUITestsLaunchTests.swift */ = {isa = PBXFileReference; lastKnownFileType = sourcecode.swift; path = ResistorUITestsLaunchTests.swift; sourceTree = "<group>"; };
		ADDC6BC12AE56DB600FBEEA8 /* ResistorEditor.swift */ = {isa = PBXFileReference; lastKnownFileType = sourcecode.swift; path = ResistorEditor.swift; sourceTree = "<group>"; };
		ADDC6BC32AE5BA4A00FBEEA8 /* CircuitComponents.swift */ = {isa = PBXFileReference; lastKnownFileType = sourcecode.swift; path = CircuitComponents.swift; sourceTree = "<group>"; };
		ADDC6BC82AE5BAF200FBEEA8 /* CircuitShapes.swift */ = {isa = PBXFileReference; lastKnownFileType = sourcecode.swift; path = CircuitShapes.swift; sourceTree = "<group>"; };
		ADDC6BCA2AE5FC5100FBEEA8 /* CircuitComponent+Codable.swift */ = {isa = PBXFileReference; lastKnownFileType = sourcecode.swift; path = "CircuitComponent+Codable.swift"; sourceTree = "<group>"; };
		ADEAD23E2AEF42110069DC7E /* ResistorModel.swift */ = {isa = PBXFileReference; lastKnownFileType = sourcecode.swift; path = ResistorModel.swift; sourceTree = "<group>"; };
		ADF3D8D62AEE5B0C00095953 /* Circuit.swift */ = {isa = PBXFileReference; lastKnownFileType = sourcecode.swift; path = Circuit.swift; sourceTree = "<group>"; };
		ADF3D8D82AEE5BA100095953 /* Component+Shape.swift */ = {isa = PBXFileReference; lastKnownFileType = sourcecode.swift; path = "Component+Shape.swift"; sourceTree = "<group>"; };
/* End PBXFileReference section */

/* Begin PBXFrameworksBuildPhase section */
		ADDC6B8D2AE56A3E00FBEEA8 /* Frameworks */ = {
			isa = PBXFrameworksBuildPhase;
			buildActionMask = 2147483647;
			files = (
			);
			runOnlyForDeploymentPostprocessing = 0;
		};
		ADDC6BA12AE56A4000FBEEA8 /* Frameworks */ = {
			isa = PBXFrameworksBuildPhase;
			buildActionMask = 2147483647;
			files = (
			);
			runOnlyForDeploymentPostprocessing = 0;
		};
		ADDC6BAB2AE56A4000FBEEA8 /* Frameworks */ = {
			isa = PBXFrameworksBuildPhase;
			buildActionMask = 2147483647;
			files = (
			);
			runOnlyForDeploymentPostprocessing = 0;
		};
/* End PBXFrameworksBuildPhase section */

/* Begin PBXGroup section */
		ADDC6B872AE56A3D00FBEEA8 = {
			isa = PBXGroup;
			children = (
				ADDC6B922AE56A3E00FBEEA8 /* Resistor */,
				ADDC6BA72AE56A4000FBEEA8 /* ResistorTests */,
				ADDC6BB12AE56A4000FBEEA8 /* ResistorUITests */,
				ADDC6B912AE56A3E00FBEEA8 /* Products */,
			);
			sourceTree = "<group>";
		};
		ADDC6B912AE56A3E00FBEEA8 /* Products */ = {
			isa = PBXGroup;
			children = (
				ADDC6B902AE56A3E00FBEEA8 /* Resistor.app */,
				ADDC6BA42AE56A4000FBEEA8 /* ResistorTests.xctest */,
				ADDC6BAE2AE56A4000FBEEA8 /* ResistorUITests.xctest */,
			);
			name = Products;
			sourceTree = "<group>";
		};
		ADDC6B922AE56A3E00FBEEA8 /* Resistor */ = {
			isa = PBXGroup;
			children = (
				ADDC6B932AE56A3E00FBEEA8 /* ResistorApp.swift */,
				ADDC6B972AE56A3E00FBEEA8 /* ContentView.swift */,
				ADDC6BC12AE56DB600FBEEA8 /* ResistorEditor.swift */,
				ADDC6BC72AE5BAA300FBEEA8 /* Persistence */,
				ADDC6BC62AE5BA9800FBEEA8 /* Drawing */,
				ADDC6BC52AE5BA8800FBEEA8 /* Model */,
				ADDC6B992AE56A4000FBEEA8 /* Assets.xcassets */,
				ADDC6B9B2AE56A4000FBEEA8 /* Info.plist */,
				ADDC6B9C2AE56A4000FBEEA8 /* Resistor.entitlements */,
				ADDC6B9D2AE56A4000FBEEA8 /* Preview Content */,
			);
			path = Resistor;
			sourceTree = "<group>";
		};
		ADDC6B9D2AE56A4000FBEEA8 /* Preview Content */ = {
			isa = PBXGroup;
			children = (
				ADDC6B9E2AE56A4000FBEEA8 /* Preview Assets.xcassets */,
			);
			path = "Preview Content";
			sourceTree = "<group>";
		};
		ADDC6BA72AE56A4000FBEEA8 /* ResistorTests */ = {
			isa = PBXGroup;
			children = (
				AD6E24442AE6CD1400F313E7 /* CircuitTests.swift */,
			);
			path = ResistorTests;
			sourceTree = "<group>";
		};
		ADDC6BB12AE56A4000FBEEA8 /* ResistorUITests */ = {
			isa = PBXGroup;
			children = (
				ADDC6BB22AE56A4000FBEEA8 /* ResistorUITests.swift */,
				ADDC6BB42AE56A4000FBEEA8 /* ResistorUITestsLaunchTests.swift */,
			);
			path = ResistorUITests;
			sourceTree = "<group>";
		};
		ADDC6BC52AE5BA8800FBEEA8 /* Model */ = {
			isa = PBXGroup;
			children = (
				ADDC6BC32AE5BA4A00FBEEA8 /* CircuitComponents.swift */,
				ADF3D8D62AEE5B0C00095953 /* Circuit.swift */,
				ADF3D8D82AEE5BA100095953 /* Component+Shape.swift */,
				AD67E3372AEE832B00D5BAA2 /* Component+HitBox.swift */,
				ADEAD23E2AEF42110069DC7E /* ResistorModel.swift */,
			);
			path = Model;
			sourceTree = "<group>";
		};
		ADDC6BC62AE5BA9800FBEEA8 /* Drawing */ = {
			isa = PBXGroup;
			children = (
				ADDC6BC82AE5BAF200FBEEA8 /* CircuitShapes.swift */,
			);
			path = Drawing;
			sourceTree = "<group>";
		};
		ADDC6BC72AE5BAA300FBEEA8 /* Persistence */ = {
			isa = PBXGroup;
			children = (
				ADDC6B952AE56A3E00FBEEA8 /* ResistorDocument.swift */,
				ADDC6BCA2AE5FC5100FBEEA8 /* CircuitComponent+Codable.swift */,
			);
			path = Persistence;
			sourceTree = "<group>";
		};
/* End PBXGroup section */

/* Begin PBXNativeTarget section */
		ADDC6B8F2AE56A3E00FBEEA8 /* Resistor */ = {
			isa = PBXNativeTarget;
			buildConfigurationList = ADDC6BB82AE56A4000FBEEA8 /* Build configuration list for PBXNativeTarget "Resistor" */;
			buildPhases = (
				ADDC6B8C2AE56A3E00FBEEA8 /* Sources */,
				ADDC6B8D2AE56A3E00FBEEA8 /* Frameworks */,
				ADDC6B8E2AE56A3E00FBEEA8 /* Resources */,
			);
			buildRules = (
			);
			dependencies = (
			);
			name = Resistor;
			productName = Resistor;
			productReference = ADDC6B902AE56A3E00FBEEA8 /* Resistor.app */;
			productType = "com.apple.product-type.application";
		};
		ADDC6BA32AE56A4000FBEEA8 /* ResistorTests */ = {
			isa = PBXNativeTarget;
			buildConfigurationList = ADDC6BBB2AE56A4000FBEEA8 /* Build configuration list for PBXNativeTarget "ResistorTests" */;
			buildPhases = (
				ADDC6BA02AE56A4000FBEEA8 /* Sources */,
				ADDC6BA12AE56A4000FBEEA8 /* Frameworks */,
				ADDC6BA22AE56A4000FBEEA8 /* Resources */,
			);
			buildRules = (
			);
			dependencies = (
				ADDC6BA62AE56A4000FBEEA8 /* PBXTargetDependency */,
			);
			name = ResistorTests;
			productName = ResistorTests;
			productReference = ADDC6BA42AE56A4000FBEEA8 /* ResistorTests.xctest */;
			productType = "com.apple.product-type.bundle.unit-test";
		};
		ADDC6BAD2AE56A4000FBEEA8 /* ResistorUITests */ = {
			isa = PBXNativeTarget;
			buildConfigurationList = ADDC6BBE2AE56A4000FBEEA8 /* Build configuration list for PBXNativeTarget "ResistorUITests" */;
			buildPhases = (
				ADDC6BAA2AE56A4000FBEEA8 /* Sources */,
				ADDC6BAB2AE56A4000FBEEA8 /* Frameworks */,
				ADDC6BAC2AE56A4000FBEEA8 /* Resources */,
			);
			buildRules = (
			);
			dependencies = (
				ADDC6BB02AE56A4000FBEEA8 /* PBXTargetDependency */,
			);
			name = ResistorUITests;
			productName = ResistorUITests;
			productReference = ADDC6BAE2AE56A4000FBEEA8 /* ResistorUITests.xctest */;
			productType = "com.apple.product-type.bundle.ui-testing";
		};
/* End PBXNativeTarget section */

/* Begin PBXProject section */
		ADDC6B882AE56A3D00FBEEA8 /* Project object */ = {
			isa = PBXProject;
			attributes = {
				BuildIndependentTargetsInParallel = 1;
				LastSwiftUpdateCheck = 1500;
				LastUpgradeCheck = 1500;
				TargetAttributes = {
					ADDC6B8F2AE56A3E00FBEEA8 = {
						CreatedOnToolsVersion = 15.0.1;
					};
					ADDC6BA32AE56A4000FBEEA8 = {
						CreatedOnToolsVersion = 15.0.1;
						TestTargetID = ADDC6B8F2AE56A3E00FBEEA8;
					};
					ADDC6BAD2AE56A4000FBEEA8 = {
						CreatedOnToolsVersion = 15.0.1;
						TestTargetID = ADDC6B8F2AE56A3E00FBEEA8;
					};
				};
			};
			buildConfigurationList = ADDC6B8B2AE56A3D00FBEEA8 /* Build configuration list for PBXProject "Resistor" */;
			compatibilityVersion = "Xcode 14.0";
			developmentRegion = en;
			hasScannedForEncodings = 0;
			knownRegions = (
				en,
				Base,
			);
			mainGroup = ADDC6B872AE56A3D00FBEEA8;
			productRefGroup = ADDC6B912AE56A3E00FBEEA8 /* Products */;
			projectDirPath = "";
			projectRoot = "";
			targets = (
				ADDC6B8F2AE56A3E00FBEEA8 /* Resistor */,
				ADDC6BA32AE56A4000FBEEA8 /* ResistorTests */,
				ADDC6BAD2AE56A4000FBEEA8 /* ResistorUITests */,
			);
		};
/* End PBXProject section */

/* Begin PBXResourcesBuildPhase section */
		ADDC6B8E2AE56A3E00FBEEA8 /* Resources */ = {
			isa = PBXResourcesBuildPhase;
			buildActionMask = 2147483647;
			files = (
				ADDC6B9F2AE56A4000FBEEA8 /* Preview Assets.xcassets in Resources */,
				ADDC6B9A2AE56A4000FBEEA8 /* Assets.xcassets in Resources */,
			);
			runOnlyForDeploymentPostprocessing = 0;
		};
		ADDC6BA22AE56A4000FBEEA8 /* Resources */ = {
			isa = PBXResourcesBuildPhase;
			buildActionMask = 2147483647;
			files = (
			);
			runOnlyForDeploymentPostprocessing = 0;
		};
		ADDC6BAC2AE56A4000FBEEA8 /* Resources */ = {
			isa = PBXResourcesBuildPhase;
			buildActionMask = 2147483647;
			files = (
			);
			runOnlyForDeploymentPostprocessing = 0;
		};
/* End PBXResourcesBuildPhase section */

/* Begin PBXSourcesBuildPhase section */
		ADDC6B8C2AE56A3E00FBEEA8 /* Sources */ = {
			isa = PBXSourcesBuildPhase;
			buildActionMask = 2147483647;
			files = (
				ADEAD23F2AEF42110069DC7E /* ResistorModel.swift in Sources */,
				ADDC6BC42AE5BA4A00FBEEA8 /* CircuitComponents.swift in Sources */,
				ADDC6B942AE56A3E00FBEEA8 /* ResistorApp.swift in Sources */,
				ADDC6BC22AE56DB600FBEEA8 /* ResistorEditor.swift in Sources */,
				AD67E3382AEE832B00D5BAA2 /* Component+HitBox.swift in Sources */,
				ADF3D8D92AEE5BA100095953 /* Component+Shape.swift in Sources */,
				ADF3D8D72AEE5B0C00095953 /* Circuit.swift in Sources */,
				ADDC6BC92AE5BAF200FBEEA8 /* CircuitShapes.swift in Sources */,
				ADDC6B962AE56A3E00FBEEA8 /* ResistorDocument.swift in Sources */,
				ADDC6B982AE56A3E00FBEEA8 /* ContentView.swift in Sources */,
				ADDC6BCB2AE5FC5100FBEEA8 /* CircuitComponent+Codable.swift in Sources */,
			);
			runOnlyForDeploymentPostprocessing = 0;
		};
		ADDC6BA02AE56A4000FBEEA8 /* Sources */ = {
			isa = PBXSourcesBuildPhase;
			buildActionMask = 2147483647;
			files = (
				AD6E24452AE6CD1400F313E7 /* CircuitTests.swift in Sources */,
			);
			runOnlyForDeploymentPostprocessing = 0;
		};
		ADDC6BAA2AE56A4000FBEEA8 /* Sources */ = {
			isa = PBXSourcesBuildPhase;
			buildActionMask = 2147483647;
			files = (
				ADDC6BB52AE56A4000FBEEA8 /* ResistorUITestsLaunchTests.swift in Sources */,
				ADDC6BB32AE56A4000FBEEA8 /* ResistorUITests.swift in Sources */,
			);
			runOnlyForDeploymentPostprocessing = 0;
		};
/* End PBXSourcesBuildPhase section */

/* Begin PBXTargetDependency section */
		ADDC6BA62AE56A4000FBEEA8 /* PBXTargetDependency */ = {
			isa = PBXTargetDependency;
			target = ADDC6B8F2AE56A3E00FBEEA8 /* Resistor */;
			targetProxy = ADDC6BA52AE56A4000FBEEA8 /* PBXContainerItemProxy */;
		};
		ADDC6BB02AE56A4000FBEEA8 /* PBXTargetDependency */ = {
			isa = PBXTargetDependency;
			target = ADDC6B8F2AE56A3E00FBEEA8 /* Resistor */;
			targetProxy = ADDC6BAF2AE56A4000FBEEA8 /* PBXContainerItemProxy */;
		};
/* End PBXTargetDependency section */

/* Begin XCBuildConfiguration section */
		ADDC6BB62AE56A4000FBEEA8 /* Debug */ = {
			isa = XCBuildConfiguration;
			buildSettings = {
				ALWAYS_SEARCH_USER_PATHS = NO;
				ASSETCATALOG_COMPILER_GENERATE_SWIFT_ASSET_SYMBOL_EXTENSIONS = YES;
				CLANG_ANALYZER_NONNULL = YES;
				CLANG_ANALYZER_NUMBER_OBJECT_CONVERSION = YES_AGGRESSIVE;
				CLANG_CXX_LANGUAGE_STANDARD = "gnu++20";
				CLANG_ENABLE_MODULES = YES;
				CLANG_ENABLE_OBJC_ARC = YES;
				CLANG_ENABLE_OBJC_WEAK = YES;
				CLANG_WARN_BLOCK_CAPTURE_AUTORELEASING = YES;
				CLANG_WARN_BOOL_CONVERSION = YES;
				CLANG_WARN_COMMA = YES;
				CLANG_WARN_CONSTANT_CONVERSION = YES;
				CLANG_WARN_DEPRECATED_OBJC_IMPLEMENTATIONS = YES;
				CLANG_WARN_DIRECT_OBJC_ISA_USAGE = YES_ERROR;
				CLANG_WARN_DOCUMENTATION_COMMENTS = YES;
				CLANG_WARN_EMPTY_BODY = YES;
				CLANG_WARN_ENUM_CONVERSION = YES;
				CLANG_WARN_INFINITE_RECURSION = YES;
				CLANG_WARN_INT_CONVERSION = YES;
				CLANG_WARN_NON_LITERAL_NULL_CONVERSION = YES;
				CLANG_WARN_OBJC_IMPLICIT_RETAIN_SELF = YES;
				CLANG_WARN_OBJC_LITERAL_CONVERSION = YES;
				CLANG_WARN_OBJC_ROOT_CLASS = YES_ERROR;
				CLANG_WARN_QUOTED_INCLUDE_IN_FRAMEWORK_HEADER = YES;
				CLANG_WARN_RANGE_LOOP_ANALYSIS = YES;
				CLANG_WARN_STRICT_PROTOTYPES = YES;
				CLANG_WARN_SUSPICIOUS_MOVE = YES;
				CLANG_WARN_UNGUARDED_AVAILABILITY = YES_AGGRESSIVE;
				CLANG_WARN_UNREACHABLE_CODE = YES;
				CLANG_WARN__DUPLICATE_METHOD_MATCH = YES;
				COPY_PHASE_STRIP = NO;
				DEBUG_INFORMATION_FORMAT = dwarf;
				ENABLE_STRICT_OBJC_MSGSEND = YES;
				ENABLE_TESTABILITY = YES;
				ENABLE_USER_SCRIPT_SANDBOXING = YES;
				GCC_C_LANGUAGE_STANDARD = gnu17;
				GCC_DYNAMIC_NO_PIC = NO;
				GCC_NO_COMMON_BLOCKS = YES;
				GCC_OPTIMIZATION_LEVEL = 0;
				GCC_PREPROCESSOR_DEFINITIONS = (
					"DEBUG=1",
					"$(inherited)",
				);
				GCC_WARN_64_TO_32_BIT_CONVERSION = YES;
				GCC_WARN_ABOUT_RETURN_TYPE = YES_ERROR;
				GCC_WARN_UNDECLARED_SELECTOR = YES;
				GCC_WARN_UNINITIALIZED_AUTOS = YES_AGGRESSIVE;
				GCC_WARN_UNUSED_FUNCTION = YES;
				GCC_WARN_UNUSED_VARIABLE = YES;
				LOCALIZATION_PREFERS_STRING_CATALOGS = YES;
				MTL_ENABLE_DEBUG_INFO = INCLUDE_SOURCE;
				MTL_FAST_MATH = YES;
				ONLY_ACTIVE_ARCH = YES;
				SWIFT_ACTIVE_COMPILATION_CONDITIONS = "DEBUG $(inherited)";
				SWIFT_OPTIMIZATION_LEVEL = "-Onone";
			};
			name = Debug;
		};
		ADDC6BB72AE56A4000FBEEA8 /* Release */ = {
			isa = XCBuildConfiguration;
			buildSettings = {
				ALWAYS_SEARCH_USER_PATHS = NO;
				ASSETCATALOG_COMPILER_GENERATE_SWIFT_ASSET_SYMBOL_EXTENSIONS = YES;
				CLANG_ANALYZER_NONNULL = YES;
				CLANG_ANALYZER_NUMBER_OBJECT_CONVERSION = YES_AGGRESSIVE;
				CLANG_CXX_LANGUAGE_STANDARD = "gnu++20";
				CLANG_ENABLE_MODULES = YES;
				CLANG_ENABLE_OBJC_ARC = YES;
				CLANG_ENABLE_OBJC_WEAK = YES;
				CLANG_WARN_BLOCK_CAPTURE_AUTORELEASING = YES;
				CLANG_WARN_BOOL_CONVERSION = YES;
				CLANG_WARN_COMMA = YES;
				CLANG_WARN_CONSTANT_CONVERSION = YES;
				CLANG_WARN_DEPRECATED_OBJC_IMPLEMENTATIONS = YES;
				CLANG_WARN_DIRECT_OBJC_ISA_USAGE = YES_ERROR;
				CLANG_WARN_DOCUMENTATION_COMMENTS = YES;
				CLANG_WARN_EMPTY_BODY = YES;
				CLANG_WARN_ENUM_CONVERSION = YES;
				CLANG_WARN_INFINITE_RECURSION = YES;
				CLANG_WARN_INT_CONVERSION = YES;
				CLANG_WARN_NON_LITERAL_NULL_CONVERSION = YES;
				CLANG_WARN_OBJC_IMPLICIT_RETAIN_SELF = YES;
				CLANG_WARN_OBJC_LITERAL_CONVERSION = YES;
				CLANG_WARN_OBJC_ROOT_CLASS = YES_ERROR;
				CLANG_WARN_QUOTED_INCLUDE_IN_FRAMEWORK_HEADER = YES;
				CLANG_WARN_RANGE_LOOP_ANALYSIS = YES;
				CLANG_WARN_STRICT_PROTOTYPES = YES;
				CLANG_WARN_SUSPICIOUS_MOVE = YES;
				CLANG_WARN_UNGUARDED_AVAILABILITY = YES_AGGRESSIVE;
				CLANG_WARN_UNREACHABLE_CODE = YES;
				CLANG_WARN__DUPLICATE_METHOD_MATCH = YES;
				COPY_PHASE_STRIP = NO;
				DEBUG_INFORMATION_FORMAT = "dwarf-with-dsym";
				ENABLE_NS_ASSERTIONS = NO;
				ENABLE_STRICT_OBJC_MSGSEND = YES;
				ENABLE_USER_SCRIPT_SANDBOXING = YES;
				GCC_C_LANGUAGE_STANDARD = gnu17;
				GCC_NO_COMMON_BLOCKS = YES;
				GCC_WARN_64_TO_32_BIT_CONVERSION = YES;
				GCC_WARN_ABOUT_RETURN_TYPE = YES_ERROR;
				GCC_WARN_UNDECLARED_SELECTOR = YES;
				GCC_WARN_UNINITIALIZED_AUTOS = YES_AGGRESSIVE;
				GCC_WARN_UNUSED_FUNCTION = YES;
				GCC_WARN_UNUSED_VARIABLE = YES;
				LOCALIZATION_PREFERS_STRING_CATALOGS = YES;
				MTL_ENABLE_DEBUG_INFO = NO;
				MTL_FAST_MATH = YES;
				SWIFT_COMPILATION_MODE = wholemodule;
			};
			name = Release;
		};
		ADDC6BB92AE56A4000FBEEA8 /* Debug */ = {
			isa = XCBuildConfiguration;
			buildSettings = {
				ASSETCATALOG_COMPILER_APPICON_NAME = AppIcon;
				ASSETCATALOG_COMPILER_GLOBAL_ACCENT_COLOR_NAME = AccentColor;
				CODE_SIGN_ENTITLEMENTS = Resistor/Resistor.entitlements;
				CODE_SIGN_STYLE = Automatic;
				CURRENT_PROJECT_VERSION = 1;
				DEVELOPMENT_ASSET_PATHS = "\"Resistor/Preview Content\"";
				DEVELOPMENT_TEAM = 7W77348744;
				ENABLE_HARDENED_RUNTIME = YES;
				ENABLE_PREVIEWS = YES;
				GENERATE_INFOPLIST_FILE = YES;
				INFOPLIST_FILE = Resistor/Info.plist;
				"INFOPLIST_KEY_UIApplicationSceneManifest_Generation[sdk=iphoneos*]" = YES;
				"INFOPLIST_KEY_UIApplicationSceneManifest_Generation[sdk=iphonesimulator*]" = YES;
				"INFOPLIST_KEY_UIApplicationSupportsIndirectInputEvents[sdk=iphoneos*]" = YES;
				"INFOPLIST_KEY_UIApplicationSupportsIndirectInputEvents[sdk=iphonesimulator*]" = YES;
				"INFOPLIST_KEY_UILaunchScreen_Generation[sdk=iphoneos*]" = YES;
				"INFOPLIST_KEY_UILaunchScreen_Generation[sdk=iphonesimulator*]" = YES;
				"INFOPLIST_KEY_UIStatusBarStyle[sdk=iphoneos*]" = UIStatusBarStyleDefault;
				"INFOPLIST_KEY_UIStatusBarStyle[sdk=iphonesimulator*]" = UIStatusBarStyleDefault;
				INFOPLIST_KEY_UISupportedInterfaceOrientations_iPad = "UIInterfaceOrientationPortrait UIInterfaceOrientationPortraitUpsideDown UIInterfaceOrientationLandscapeLeft UIInterfaceOrientationLandscapeRight";
				INFOPLIST_KEY_UISupportedInterfaceOrientations_iPhone = "UIInterfaceOrientationPortrait UIInterfaceOrientationLandscapeLeft UIInterfaceOrientationLandscapeRight";
				"INFOPLIST_KEY_UISupportsDocumentBrowser[sdk=iphoneos*]" = YES;
				"INFOPLIST_KEY_UISupportsDocumentBrowser[sdk=iphonesimulator*]" = YES;
				IPHONEOS_DEPLOYMENT_TARGET = 17.0;
				LD_RUNPATH_SEARCH_PATHS = "@executable_path/Frameworks";
				"LD_RUNPATH_SEARCH_PATHS[sdk=macosx*]" = "@executable_path/../Frameworks";
				MACOSX_DEPLOYMENT_TARGET = 13.6;
				MARKETING_VERSION = 1.0;
				PRODUCT_BUNDLE_IDENTIFIER = "com.sal-et-lucem.Resistor";
				PRODUCT_NAME = "$(TARGET_NAME)";
				SDKROOT = auto;
				SUPPORTED_PLATFORMS = "iphoneos iphonesimulator macosx";
				SWIFT_EMIT_LOC_STRINGS = YES;
				SWIFT_VERSION = 5.0;
				TARGETED_DEVICE_FAMILY = "1,2";
			};
			name = Debug;
		};
		ADDC6BBA2AE56A4000FBEEA8 /* Release */ = {
			isa = XCBuildConfiguration;
			buildSettings = {
				ASSETCATALOG_COMPILER_APPICON_NAME = AppIcon;
				ASSETCATALOG_COMPILER_GLOBAL_ACCENT_COLOR_NAME = AccentColor;
				CODE_SIGN_ENTITLEMENTS = Resistor/Resistor.entitlements;
				CODE_SIGN_STYLE = Automatic;
				CURRENT_PROJECT_VERSION = 1;
				DEVELOPMENT_ASSET_PATHS = "\"Resistor/Preview Content\"";
				DEVELOPMENT_TEAM = 7W77348744;
				ENABLE_HARDENED_RUNTIME = YES;
				ENABLE_PREVIEWS = YES;
				GENERATE_INFOPLIST_FILE = YES;
				INFOPLIST_FILE = Resistor/Info.plist;
				"INFOPLIST_KEY_UIApplicationSceneManifest_Generation[sdk=iphoneos*]" = YES;
				"INFOPLIST_KEY_UIApplicationSceneManifest_Generation[sdk=iphonesimulator*]" = YES;
				"INFOPLIST_KEY_UIApplicationSupportsIndirectInputEvents[sdk=iphoneos*]" = YES;
				"INFOPLIST_KEY_UIApplicationSupportsIndirectInputEvents[sdk=iphonesimulator*]" = YES;
				"INFOPLIST_KEY_UILaunchScreen_Generation[sdk=iphoneos*]" = YES;
				"INFOPLIST_KEY_UILaunchScreen_Generation[sdk=iphonesimulator*]" = YES;
				"INFOPLIST_KEY_UIStatusBarStyle[sdk=iphoneos*]" = UIStatusBarStyleDefault;
				"INFOPLIST_KEY_UIStatusBarStyle[sdk=iphonesimulator*]" = UIStatusBarStyleDefault;
				INFOPLIST_KEY_UISupportedInterfaceOrientations_iPad = "UIInterfaceOrientationPortrait UIInterfaceOrientationPortraitUpsideDown UIInterfaceOrientationLandscapeLeft UIInterfaceOrientationLandscapeRight";
				INFOPLIST_KEY_UISupportedInterfaceOrientations_iPhone = "UIInterfaceOrientationPortrait UIInterfaceOrientationLandscapeLeft UIInterfaceOrientationLandscapeRight";
				"INFOPLIST_KEY_UISupportsDocumentBrowser[sdk=iphoneos*]" = YES;
				"INFOPLIST_KEY_UISupportsDocumentBrowser[sdk=iphonesimulator*]" = YES;
				IPHONEOS_DEPLOYMENT_TARGET = 17.0;
				LD_RUNPATH_SEARCH_PATHS = "@executable_path/Frameworks";
				"LD_RUNPATH_SEARCH_PATHS[sdk=macosx*]" = "@executable_path/../Frameworks";
				MACOSX_DEPLOYMENT_TARGET = 13.6;
				MARKETING_VERSION = 1.0;
				PRODUCT_BUNDLE_IDENTIFIER = "com.sal-et-lucem.Resistor";
				PRODUCT_NAME = "$(TARGET_NAME)";
				SDKROOT = auto;
				SUPPORTED_PLATFORMS = "iphoneos iphonesimulator macosx";
				SWIFT_EMIT_LOC_STRINGS = YES;
				SWIFT_VERSION = 5.0;
				TARGETED_DEVICE_FAMILY = "1,2";
			};
			name = Release;
		};
		ADDC6BBC2AE56A4000FBEEA8 /* Debug */ = {
			isa = XCBuildConfiguration;
			buildSettings = {
				ALWAYS_EMBED_SWIFT_STANDARD_LIBRARIES = YES;
				BUNDLE_LOADER = "$(TEST_HOST)";
				CODE_SIGN_STYLE = Automatic;
				CURRENT_PROJECT_VERSION = 1;
				DEVELOPMENT_TEAM = 7W77348744;
				GENERATE_INFOPLIST_FILE = YES;
				IPHONEOS_DEPLOYMENT_TARGET = 17.0;
				MACOSX_DEPLOYMENT_TARGET = 13.6;
				MARKETING_VERSION = 1.0;
				PRODUCT_BUNDLE_IDENTIFIER = "com.sal-et-lucem.ResistorTests";
				PRODUCT_NAME = "$(TARGET_NAME)";
				SDKROOT = auto;
				SUPPORTED_PLATFORMS = "iphoneos iphonesimulator macosx";
				SWIFT_EMIT_LOC_STRINGS = NO;
				SWIFT_VERSION = 5.0;
				TARGETED_DEVICE_FAMILY = "1,2";
				TEST_HOST = "$(BUILT_PRODUCTS_DIR)/Resistor.app/$(BUNDLE_EXECUTABLE_FOLDER_PATH)/Resistor";
			};
			name = Debug;
		};
		ADDC6BBD2AE56A4000FBEEA8 /* Release */ = {
			isa = XCBuildConfiguration;
			buildSettings = {
				ALWAYS_EMBED_SWIFT_STANDARD_LIBRARIES = YES;
				BUNDLE_LOADER = "$(TEST_HOST)";
				CODE_SIGN_STYLE = Automatic;
				CURRENT_PROJECT_VERSION = 1;
				DEVELOPMENT_TEAM = 7W77348744;
				GENERATE_INFOPLIST_FILE = YES;
				IPHONEOS_DEPLOYMENT_TARGET = 17.0;
				MACOSX_DEPLOYMENT_TARGET = 13.6;
				MARKETING_VERSION = 1.0;
				PRODUCT_BUNDLE_IDENTIFIER = "com.sal-et-lucem.ResistorTests";
				PRODUCT_NAME = "$(TARGET_NAME)";
				SDKROOT = auto;
				SUPPORTED_PLATFORMS = "iphoneos iphonesimulator macosx";
				SWIFT_EMIT_LOC_STRINGS = NO;
				SWIFT_VERSION = 5.0;
				TARGETED_DEVICE_FAMILY = "1,2";
				TEST_HOST = "$(BUILT_PRODUCTS_DIR)/Resistor.app/$(BUNDLE_EXECUTABLE_FOLDER_PATH)/Resistor";
			};
			name = Release;
		};
		ADDC6BBF2AE56A4000FBEEA8 /* Debug */ = {
			isa = XCBuildConfiguration;
			buildSettings = {
				ALWAYS_EMBED_SWIFT_STANDARD_LIBRARIES = YES;
				CODE_SIGN_STYLE = Automatic;
				CURRENT_PROJECT_VERSION = 1;
				DEVELOPMENT_TEAM = 7W77348744;
				GENERATE_INFOPLIST_FILE = YES;
				IPHONEOS_DEPLOYMENT_TARGET = 17.0;
				MACOSX_DEPLOYMENT_TARGET = 13.6;
				MARKETING_VERSION = 1.0;
				PRODUCT_BUNDLE_IDENTIFIER = "com.sal-et-lucem.ResistorUITests";
				PRODUCT_NAME = "$(TARGET_NAME)";
				SDKROOT = auto;
				SUPPORTED_PLATFORMS = "iphoneos iphonesimulator macosx";
				SWIFT_EMIT_LOC_STRINGS = NO;
				SWIFT_VERSION = 5.0;
				TARGETED_DEVICE_FAMILY = "1,2";
				TEST_TARGET_NAME = Resistor;
			};
			name = Debug;
		};
		ADDC6BC02AE56A4000FBEEA8 /* Release */ = {
			isa = XCBuildConfiguration;
			buildSettings = {
				ALWAYS_EMBED_SWIFT_STANDARD_LIBRARIES = YES;
				CODE_SIGN_STYLE = Automatic;
				CURRENT_PROJECT_VERSION = 1;
				DEVELOPMENT_TEAM = 7W77348744;
				GENERATE_INFOPLIST_FILE = YES;
				IPHONEOS_DEPLOYMENT_TARGET = 17.0;
				MACOSX_DEPLOYMENT_TARGET = 13.6;
				MARKETING_VERSION = 1.0;
				PRODUCT_BUNDLE_IDENTIFIER = "com.sal-et-lucem.ResistorUITests";
				PRODUCT_NAME = "$(TARGET_NAME)";
				SDKROOT = auto;
				SUPPORTED_PLATFORMS = "iphoneos iphonesimulator macosx";
				SWIFT_EMIT_LOC_STRINGS = NO;
				SWIFT_VERSION = 5.0;
				TARGETED_DEVICE_FAMILY = "1,2";
				TEST_TARGET_NAME = Resistor;
			};
			name = Release;
		};
/* End XCBuildConfiguration section */

/* Begin XCConfigurationList section */
		ADDC6B8B2AE56A3D00FBEEA8 /* Build configuration list for PBXProject "Resistor" */ = {
			isa = XCConfigurationList;
			buildConfigurations = (
				ADDC6BB62AE56A4000FBEEA8 /* Debug */,
				ADDC6BB72AE56A4000FBEEA8 /* Release */,
			);
			defaultConfigurationIsVisible = 0;
			defaultConfigurationName = Release;
		};
		ADDC6BB82AE56A4000FBEEA8 /* Build configuration list for PBXNativeTarget "Resistor" */ = {
			isa = XCConfigurationList;
			buildConfigurations = (
				ADDC6BB92AE56A4000FBEEA8 /* Debug */,
				ADDC6BBA2AE56A4000FBEEA8 /* Release */,
			);
			defaultConfigurationIsVisible = 0;
			defaultConfigurationName = Release;
		};
		ADDC6BBB2AE56A4000FBEEA8 /* Build configuration list for PBXNativeTarget "ResistorTests" */ = {
			isa = XCConfigurationList;
			buildConfigurations = (
				ADDC6BBC2AE56A4000FBEEA8 /* Debug */,
				ADDC6BBD2AE56A4000FBEEA8 /* Release */,
			);
			defaultConfigurationIsVisible = 0;
			defaultConfigurationName = Release;
		};
		ADDC6BBE2AE56A4000FBEEA8 /* Build configuration list for PBXNativeTarget "ResistorUITests" */ = {
			isa = XCConfigurationList;
			buildConfigurations = (
				ADDC6BBF2AE56A4000FBEEA8 /* Debug */,
				ADDC6BC02AE56A4000FBEEA8 /* Release */,
			);
			defaultConfigurationIsVisible = 0;
			defaultConfigurationName = Release;
		};
/* End XCConfigurationList section */
	};
	rootObject = ADDC6B882AE56A3D00FBEEA8 /* Project object */;
}
